// !$*UTF8*$!
{
	archiveVersion = 1;
	classes = {
	};
	objectVersion = 46;
	objects = {

/* Begin PBXBuildFile section */
		4121BDC81C0CA4AF00C536E5 /* PlaySoundViewController.swift in Sources */ = {isa = PBXBuildFile; fileRef = 4121BDC71C0CA4AF00C536E5 /* PlaySoundViewController.swift */; };
		419B086D1C0EC425003737F5 /* RecordedAudio.swift in Sources */ = {isa = PBXBuildFile; fileRef = 419B086C1C0EC425003737F5 /* RecordedAudio.swift */; };
		41A702961C09C06A00B803BE /* AppDelegate.swift in Sources */ = {isa = PBXBuildFile; fileRef = 41A702951C09C06A00B803BE /* AppDelegate.swift */; };
		41A702981C09C06A00B803BE /* RecordSoundsViewController.swift in Sources */ = {isa = PBXBuildFile; fileRef = 41A702971C09C06A00B803BE /* RecordSoundsViewController.swift */; };
		41A7029B1C09C06A00B803BE /* Main.storyboard in Resources */ = {isa = PBXBuildFile; fileRef = 41A702991C09C06A00B803BE /* Main.storyboard */; };
		41A7029D1C09C06A00B803BE /* Assets.xcassets in Resources */ = {isa = PBXBuildFile; fileRef = 41A7029C1C09C06A00B803BE /* Assets.xcassets */; };
		41A702A01C09C06A00B803BE /* LaunchScreen.storyboard in Resources */ = {isa = PBXBuildFile; fileRef = 41A7029E1C09C06A00B803BE /* LaunchScreen.storyboard */; };
		41E11EE71C0CCF340055DF92 /* drum01.mp3 in Resources */ = {isa = PBXBuildFile; fileRef = 41E11EE61C0CCF340055DF92 /* drum01.mp3 */; };
		41E11EEA1C0D56C00055DF92 /* movie_quote.mp3 in Resources */ = {isa = PBXBuildFile; fileRef = 41E11EE91C0D56C00055DF92 /* movie_quote.mp3 */; };
/* End PBXBuildFile section */

/* Begin PBXFileReference section */
		4121BDC71C0CA4AF00C536E5 /* PlaySoundViewController.swift */ = {isa = PBXFileReference; fileEncoding = 4; lastKnownFileType = sourcecode.swift; path = PlaySoundViewController.swift; sourceTree = "<group>"; };
		419B086C1C0EC425003737F5 /* RecordedAudio.swift */ = {isa = PBXFileReference; fileEncoding = 4; lastKnownFileType = sourcecode.swift; path = RecordedAudio.swift; sourceTree = "<group>"; };
		41A702921C09C06A00B803BE /* PitchPerfect.app */ = {isa = PBXFileReference; explicitFileType = wrapper.application; includeInIndex = 0; path = PitchPerfect.app; sourceTree = BUILT_PRODUCTS_DIR; };
		41A702951C09C06A00B803BE /* AppDelegate.swift */ = {isa = PBXFileReference; lastKnownFileType = sourcecode.swift; path = AppDelegate.swift; sourceTree = "<group>"; };
		41A702971C09C06A00B803BE /* RecordSoundsViewController.swift */ = {isa = PBXFileReference; lastKnownFileType = sourcecode.swift; path = RecordSoundsViewController.swift; sourceTree = "<group>"; };
		41A7029A1C09C06A00B803BE /* Base */ = {isa = PBXFileReference; lastKnownFileType = file.storyboard; name = Base; path = Base.lproj/Main.storyboard; sourceTree = "<group>"; };
		41A7029C1C09C06A00B803BE /* Assets.xcassets */ = {isa = PBXFileReference; lastKnownFileType = folder.assetcatalog; path = Assets.xcassets; sourceTree = "<group>"; };
		41A7029F1C09C06A00B803BE /* Base */ = {isa = PBXFileReference; lastKnownFileType = file.storyboard; name = Base; path = Base.lproj/LaunchScreen.storyboard; sourceTree = "<group>"; };
		41A702A11C09C06A00B803BE /* Info.plist */ = {isa = PBXFileReference; lastKnownFileType = text.plist.xml; path = Info.plist; sourceTree = "<group>"; };
		41E11EE61C0CCF340055DF92 /* drum01.mp3 */ = {isa = PBXFileReference; lastKnownFileType = audio.mp3; path = drum01.mp3; sourceTree = "<group>"; };
		41E11EE91C0D56C00055DF92 /* movie_quote.mp3 */ = {isa = PBXFileReference; lastKnownFileType = audio.mp3; path = movie_quote.mp3; sourceTree = "<group>"; };
/* End PBXFileReference section */

/* Begin PBXFrameworksBuildPhase section */
		41A7028F1C09C06A00B803BE /* Frameworks */ = {
			isa = PBXFrameworksBuildPhase;
			buildActionMask = 2147483647;
			files = (
			);
			runOnlyForDeploymentPostprocessing = 0;
		};
/* End PBXFrameworksBuildPhase section */

/* Begin PBXGroup section */
		41A702891C09C06A00B803BE = {
			isa = PBXGroup;
			children = (
				41A702941C09C06A00B803BE /* PitchPerfect */,
				41A702931C09C06A00B803BE /* Products */,
			);
			sourceTree = "<group>";
		};
		41A702931C09C06A00B803BE /* Products */ = {
			isa = PBXGroup;
			children = (
				41A702921C09C06A00B803BE /* PitchPerfect.app */,
			);
			name = Products;
			sourceTree = "<group>";
		};
		41A702941C09C06A00B803BE /* PitchPerfect */ = {
			isa = PBXGroup;
			children = (
				41A702951C09C06A00B803BE /* AppDelegate.swift */,
				41A702971C09C06A00B803BE /* RecordSoundsViewController.swift */,
				41A702991C09C06A00B803BE /* Main.storyboard */,
				41A7029C1C09C06A00B803BE /* Assets.xcassets */,
				41E11EE61C0CCF340055DF92 /* drum01.mp3 */,
				41E11EE81C0D569F0055DF92 /* SupportingFiles */,
				41A7029E1C09C06A00B803BE /* LaunchScreen.storyboard */,
				41A702A11C09C06A00B803BE /* Info.plist */,
				4121BDC71C0CA4AF00C536E5 /* PlaySoundViewController.swift */,
				419B086C1C0EC425003737F5 /* RecordedAudio.swift */,
			);
			path = PitchPerfect;
			sourceTree = "<group>";
		};
		41E11EE81C0D569F0055DF92 /* SupportingFiles */ = {
			isa = PBXGroup;
			children = (
				41E11EE91C0D56C00055DF92 /* movie_quote.mp3 */,
			);
			name = SupportingFiles;
			sourceTree = "<group>";
		};
/* End PBXGroup section */

/* Begin PBXNativeTarget section */
		41A702911C09C06A00B803BE /* PitchPerfect */ = {
			isa = PBXNativeTarget;
			buildConfigurationList = 41A702A41C09C06A00B803BE /* Build configuration list for PBXNativeTarget "PitchPerfect" */;
			buildPhases = (
				41A7028E1C09C06A00B803BE /* Sources */,
				41A7028F1C09C06A00B803BE /* Frameworks */,
				41A702901C09C06A00B803BE /* Resources */,
			);
			buildRules = (
			);
			dependencies = (
			);
			name = PitchPerfect;
			productName = PitchPerfect;
			productReference = 41A702921C09C06A00B803BE /* PitchPerfect.app */;
			productType = "com.apple.product-type.application";
		};
/* End PBXNativeTarget section */

/* Begin PBXProject section */
		41A7028A1C09C06A00B803BE /* Project object */ = {
			isa = PBXProject;
			attributes = {
				LastSwiftUpdateCheck = 0710;
				LastUpgradeCheck = 0710;
				ORGANIZATIONNAME = "Banago labs";
				TargetAttributes = {
					41A702911C09C06A00B803BE = {
						CreatedOnToolsVersion = 7.1.1;
					};
				};
			};
			buildConfigurationList = 41A7028D1C09C06A00B803BE /* Build configuration list for PBXProject "PitchPerfect" */;
			compatibilityVersion = "Xcode 3.2";
			developmentRegion = English;
			hasScannedForEncodings = 0;
			knownRegions = (
				en,
				Base,
			);
			mainGroup = 41A702891C09C06A00B803BE;
			productRefGroup = 41A702931C09C06A00B803BE /* Products */;
			projectDirPath = "";
			projectRoot = "";
			targets = (
				41A702911C09C06A00B803BE /* PitchPerfect */,
			);
		};
/* End PBXProject section */

/* Begin PBXResourcesBuildPhase section */
		41A702901C09C06A00B803BE /* Resources */ = {
			isa = PBXResourcesBuildPhase;
			buildActionMask = 2147483647;
			files = (
				41A702A01C09C06A00B803BE /* LaunchScreen.storyboard in Resources */,
				41E11EE71C0CCF340055DF92 /* drum01.mp3 in Resources */,
				41E11EEA1C0D56C00055DF92 /* movie_quote.mp3 in Resources */,
				41A7029D1C09C06A00B803BE /* Assets.xcassets in Resources */,
				41A7029B1C09C06A00B803BE /* Main.storyboard in Resources */,
			);
			runOnlyForDeploymentPostprocessing = 0;
		};
/* End PBXResourcesBuildPhase section */

/* Begin PBXSourcesBuildPhase section */
		41A7028E1C09C06A00B803BE /* Sources */ = {
			isa = PBXSourcesBuildPhase;
			buildActionMask = 2147483647;
			files = (
				419B086D1C0EC425003737F5 /* RecordedAudio.swift in Sources */,
				41A702981C09C06A00B803BE /* RecordSoundsViewController.swift in Sources */,
				4121BDC81C0CA4AF00C536E5 /* PlaySoundViewController.swift in Sources */,
				41A702961C09C06A00B803BE /* AppDelegate.swift in Sources */,
			);
			runOnlyForDeploymentPostprocessing = 0;
		};
/* End PBXSourcesBuildPhase section */

/* Begin PBXVariantGroup section */
		41A702991C09C06A00B803BE /* Main.storyboard */ = {
			isa = PBXVariantGroup;
			children = (
				41A7029A1C09C06A00B803BE /* Base */,
			);
			name = Main.storyboard;
			sourceTree = "<group>";
		};
		41A7029E1C09C06A00B803BE /* LaunchScreen.storyboard */ = {
			isa = PBXVariantGroup;
			children = (
				41A7029F1C09C06A00B803BE /* Base */,
			);
			name = LaunchScreen.storyboard;
			sourceTree = "<group>";
		};
/* End PBXVariantGroup section */

/* Begin XCBuildConfiguration section */
		41A702A21C09C06A00B803BE /* Debug */ = {
			isa = XCBuildConfiguration;
			buildSettings = {
				ALWAYS_SEARCH_USER_PATHS = NO;
				CLANG_CXX_LANGUAGE_STANDARD = "gnu++0x";
				CLANG_CXX_LIBRARY = "libc++";
				CLANG_ENABLE_MODULES = YES;
				CLANG_ENABLE_OBJC_ARC = YES;
				CLANG_WARN_BOOL_CONVERSION = YES;
				CLANG_WARN_CONSTANT_CONVERSION = YES;
				CLANG_WARN_DIRECT_OBJC_ISA_USAGE = YES_ERROR;
				CLANG_WARN_EMPTY_BODY = YES;
				CLANG_WARN_ENUM_CONVERSION = YES;
				CLANG_WARN_INT_CONVERSION = YES;
				CLANG_WARN_OBJC_ROOT_CLASS = YES_ERROR;
				CLANG_WARN_UNREACHABLE_CODE = YES;
				CLANG_WARN__DUPLICATE_METHOD_MATCH = YES;
				"CODE_SIGN_IDENTITY[sdk=iphoneos*]" = "iPhone Developer";
				COPY_PHASE_STRIP = NO;
				DEBUG_INFORMATION_FORMAT = dwarf;
				ENABLE_STRICT_OBJC_MSGSEND = YES;
				ENABLE_TESTABILITY = YES;
				GCC_C_LANGUAGE_STANDARD = gnu99;
				GCC_DYNAMIC_NO_PIC = NO;
				GCC_NO_COMMON_BLOCKS = YES;
				GCC_OPTIMIZATION_LEVEL = 0;
				GCC_PREPROCESSOR_DEFINITIONS = (
					"DEBUG=1",
					"$(inherited)",
				);
				GCC_WARN_64_TO_32_BIT_CONVERSION = YES;
				GCC_WARN_ABOUT_RETURN_TYPE = YES_ERROR;
				GCC_WARN_UNDECLARED_SELECTOR = YES;
				GCC_WARN_UNINITIALIZED_AUTOS = YES_AGGRESSIVE;
				GCC_WARN_UNUSED_FUNCTION = YES;
				GCC_WARN_UNUSED_VARIABLE = YES;
				IPHONEOS_DEPLOYMENT_TARGET = 9.1;
				MTL_ENABLE_DEBUG_INFO = YES;
				ONLY_ACTIVE_ARCH = YES;
				SDKROOT = iphoneos;
				SWIFT_OPTIMIZATION_LEVEL = "-Onone";
			};
			name = Debug;
		};
		41A702A31C09C06A00B803BE /* Release */ = {
			isa = XCBuildConfiguration;
			buildSettings = {
				ALWAYS_SEARCH_USER_PATHS = NO;
				CLANG_CXX_LANGUAGE_STANDARD = "gnu++0x";
				CLANG_CXX_LIBRARY = "libc++";
				CLANG_ENABLE_MODULES = YES;
				CLANG_ENABLE_OBJC_ARC = YES;
				CLANG_WARN_BOOL_CONVERSION = YES;
				CLANG_WARN_CONSTANT_CONVERSION = YES;
				CLANG_WARN_DIRECT_OBJC_ISA_USAGE = YES_ERROR;
				CLANG_WARN_EMPTY_BODY = YES;
				CLANG_WARN_ENUM_CONVERSION = YES;
				CLANG_WARN_INT_CONVERSION = YES;
				CLANG_WARN_OBJC_ROOT_CLASS = YES_ERROR;
				CLANG_WARN_UNREACHABLE_CODE = YES;
				CLANG_WARN__DUPLICATE_METHOD_MATCH = YES;
				"CODE_SIGN_IDENTITY[sdk=iphoneos*]" = "iPhone Developer";
				COPY_PHASE_STRIP = NO;
				DEBUG_INFORMATION_FORMAT = "dwarf-with-dsym";
				ENABLE_NS_ASSERTIONS = NO;
				ENABLE_STRICT_OBJC_MSGSEND = YES;
				GCC_C_LANGUAGE_STANDARD = gnu99;
				GCC_NO_COMMON_BLOCKS = YES;
				GCC_WARN_64_TO_32_BIT_CONVERSION = YES;
				GCC_WARN_ABOUT_RETURN_TYPE = YES_ERROR;
				GCC_WARN_UNDECLARED_SELECTOR = YES;
				GCC_WARN_UNINITIALIZED_AUTOS = YES_AGGRESSIVE;
				GCC_WARN_UNUSED_FUNCTION = YES;
				GCC_WARN_UNUSED_VARIABLE = YES;
				IPHONEOS_DEPLOYMENT_TARGET = 9.1;
				MTL_ENABLE_DEBUG_INFO = NO;
				SDKROOT = iphoneos;
				VALIDATE_PRODUCT = YES;
			};
			name = Release;
		};
		41A702A51C09C06A00B803BE /* Debug */ = {
			isa = XCBuildConfiguration;
			buildSettings = {
				ASSETCATALOG_COMPILER_APPICON_NAME = AppIcon;
				INFOPLIST_FILE = PitchPerfect/Info.plist;
				LD_RUNPATH_SEARCH_PATHS = "$(inherited) @executable_path/Frameworks";
				PRODUCT_BUNDLE_IDENTIFIER = com.banago.PitchPerfect;
				PRODUCT_NAME = "$(TARGET_NAME)";
			};
			name = Debug;
		};
		41A702A61C09C06A00B803BE /* Release */ = {
			isa = XCBuildConfiguration;
			buildSettings = {
				ASSETCATALOG_COMPILER_APPICON_NAME = AppIcon;
				INFOPLIST_FILE = PitchPerfect/Info.plist;
				LD_RUNPATH_SEARCH_PATHS = "$(inherited) @executable_path/Frameworks";
				PRODUCT_BUNDLE_IDENTIFIER = com.banago.PitchPerfect;
				PRODUCT_NAME = "$(TARGET_NAME)";
			};
			name = Release;
		};
/* End XCBuildConfiguration section */

/* Begin XCConfigurationList section */
		41A7028D1C09C06A00B803BE /* Build configuration list for PBXProject "PitchPerfect" */ = {
			isa = XCConfigurationList;
			buildConfigurations = (
				41A702A21C09C06A00B803BE /* Debug */,
				41A702A31C09C06A00B803BE /* Release */,
			);
			defaultConfigurationIsVisible = 0;
			defaultConfigurationName = Release;
		};
		41A702A41C09C06A00B803BE /* Build configuration list for PBXNativeTarget "PitchPerfect" */ = {
			isa = XCConfigurationList;
			buildConfigurations = (
				41A702A51C09C06A00B803BE /* Debug */,
				41A702A61C09C06A00B803BE /* Release */,
			);
			defaultConfigurationIsVisible = 0;
			defaultConfigurationName = Release;
		};
/* End XCConfigurationList section */
	};
	rootObject = 41A7028A1C09C06A00B803BE /* Project object */;
}
